// !$*UTF8*$!
{
	archiveVersion = 1;
	classes = {
	};
	objectVersion = 50;
	objects = {

/* Begin PBXBuildFile section */
		CD151E9B2479900700410ADD /* DraftsCell.swift in Sources */ = {isa = PBXBuildFile; fileRef = CD151E9A2479900700410ADD /* DraftsCell.swift */; };
		CDA3BA992425D24100BDAD2B /* Colors.xcassets in Resources */ = {isa = PBXBuildFile; fileRef = CDA3BA982425D24100BDAD2B /* Colors.xcassets */; };
		CDA3BA9C2425D74500BDAD2B /* Subscriber.swift in Sources */ = {isa = PBXBuildFile; fileRef = CDA3BA9B2425D74500BDAD2B /* Subscriber.swift */; };
		CDA3BA9E2425D7D200BDAD2B /* Tag.swift in Sources */ = {isa = PBXBuildFile; fileRef = CDA3BA9D2425D7D200BDAD2B /* Tag.swift */; };
		CDA3BAA12425D87B00BDAD2B /* SubscriberType.swift in Sources */ = {isa = PBXBuildFile; fileRef = CDA3BAA02425D87B00BDAD2B /* SubscriberType.swift */; };
		CDA7285F24233E7200337824 /* RootTabBarController.swift in Sources */ = {isa = PBXBuildFile; fileRef = CDA7285E24233E7200337824 /* RootTabBarController.swift */; };
		CDB5CFC6243C499900B6CBFA /* ArchivesModel.swift in Sources */ = {isa = PBXBuildFile; fileRef = CDB5CFC5243C499900B6CBFA /* ArchivesModel.swift */; };
		CDB5CFC8243C49B800B6CBFA /* ComposeModel.swift in Sources */ = {isa = PBXBuildFile; fileRef = CDB5CFC7243C49B800B6CBFA /* ComposeModel.swift */; };
		CDB5CFCA243C49C800B6CBFA /* DraftsModel.swift in Sources */ = {isa = PBXBuildFile; fileRef = CDB5CFC9243C49C800B6CBFA /* DraftsModel.swift */; };
		CDB5CFCC243C49DA00B6CBFA /* SubscribersModel.swift in Sources */ = {isa = PBXBuildFile; fileRef = CDB5CFCB243C49DA00B6CBFA /* SubscribersModel.swift */; };
		CDB5CFCE243D8FAC00B6CBFA /* APIClient.swift in Sources */ = {isa = PBXBuildFile; fileRef = CDB5CFCD243D8FAC00B6CBFA /* APIClient.swift */; };
		CDB5CFD2244023F400B6CBFA /* ColorLibrary.swift in Sources */ = {isa = PBXBuildFile; fileRef = CDB5CFD1244023F400B6CBFA /* ColorLibrary.swift */; };
		CDB5CFD9244027BD00B6CBFA /* APIRequest.swift in Sources */ = {isa = PBXBuildFile; fileRef = CDB5CFD8244027BD00B6CBFA /* APIRequest.swift */; };
		CDB5CFDB2440282C00B6CBFA /* SubscriberListRequest.swift in Sources */ = {isa = PBXBuildFile; fileRef = CDB5CFDA2440282C00B6CBFA /* SubscriberListRequest.swift */; };
		CDB5CFE3244577D900B6CBFA /* SubscribersCell.swift in Sources */ = {isa = PBXBuildFile; fileRef = CDB5CFE2244577D900B6CBFA /* SubscribersCell.swift */; };
		CDB693CB244ABF910019DCBA /* Draft.swift in Sources */ = {isa = PBXBuildFile; fileRef = CDB693CA244ABF910019DCBA /* Draft.swift */; };
		CDB693CD244AC07C0019DCBA /* DraftListRequest.swift in Sources */ = {isa = PBXBuildFile; fileRef = CDB693CC244AC07C0019DCBA /* DraftListRequest.swift */; };
		CDF7319A242094AE00596F24 /* AppDelegate.swift in Sources */ = {isa = PBXBuildFile; fileRef = CDF73199242094AE00596F24 /* AppDelegate.swift */; };
		CDF7319C242094AE00596F24 /* SceneDelegate.swift in Sources */ = {isa = PBXBuildFile; fileRef = CDF7319B242094AE00596F24 /* SceneDelegate.swift */; };
		CDF731A6242094B000596F24 /* Assets.xcassets in Resources */ = {isa = PBXBuildFile; fileRef = CDF731A5242094B000596F24 /* Assets.xcassets */; };
		CDF731A9242094B000596F24 /* LaunchScreen.storyboard in Resources */ = {isa = PBXBuildFile; fileRef = CDF731A7242094B000596F24 /* LaunchScreen.storyboard */; };
		CDF731B4242094B000596F24 /* ButtonupTests.swift in Sources */ = {isa = PBXBuildFile; fileRef = CDF731B3242094B000596F24 /* ButtonupTests.swift */; };
		CDF731BF242094B000596F24 /* ButtonupUITests.swift in Sources */ = {isa = PBXBuildFile; fileRef = CDF731BE242094B000596F24 /* ButtonupUITests.swift */; };
		CDF731CF2420966900596F24 /* SubscribersViewController.swift in Sources */ = {isa = PBXBuildFile; fileRef = CDF731CE2420966900596F24 /* SubscribersViewController.swift */; };
		CDF731D12420968B00596F24 /* ArchivesViewController.swift in Sources */ = {isa = PBXBuildFile; fileRef = CDF731D02420968B00596F24 /* ArchivesViewController.swift */; };
		CDF731D3242096A400596F24 /* DraftsViewController.swift in Sources */ = {isa = PBXBuildFile; fileRef = CDF731D2242096A400596F24 /* DraftsViewController.swift */; };
		CDF731D5242096C500596F24 /* ComposeViewController.swift in Sources */ = {isa = PBXBuildFile; fileRef = CDF731D4242096C500596F24 /* ComposeViewController.swift */; };
/* End PBXBuildFile section */

/* Begin PBXContainerItemProxy section */
		CDF731B0242094B000596F24 /* PBXContainerItemProxy */ = {
			isa = PBXContainerItemProxy;
			containerPortal = CDF7318E242094AE00596F24 /* Project object */;
			proxyType = 1;
			remoteGlobalIDString = CDF73195242094AE00596F24;
			remoteInfo = buttonup;
		};
		CDF731BB242094B000596F24 /* PBXContainerItemProxy */ = {
			isa = PBXContainerItemProxy;
			containerPortal = CDF7318E242094AE00596F24 /* Project object */;
			proxyType = 1;
			remoteGlobalIDString = CDF73195242094AE00596F24;
			remoteInfo = buttonup;
		};
/* End PBXContainerItemProxy section */

/* Begin PBXFileReference section */
		CD151E9A2479900700410ADD /* DraftsCell.swift */ = {isa = PBXFileReference; lastKnownFileType = sourcecode.swift; path = DraftsCell.swift; sourceTree = "<group>"; };
		CDA3BA982425D24100BDAD2B /* Colors.xcassets */ = {isa = PBXFileReference; lastKnownFileType = folder.assetcatalog; path = Colors.xcassets; sourceTree = "<group>"; };
		CDA3BA9B2425D74500BDAD2B /* Subscriber.swift */ = {isa = PBXFileReference; lastKnownFileType = sourcecode.swift; path = Subscriber.swift; sourceTree = "<group>"; };
		CDA3BA9D2425D7D200BDAD2B /* Tag.swift */ = {isa = PBXFileReference; lastKnownFileType = sourcecode.swift; path = Tag.swift; sourceTree = "<group>"; };
		CDA3BAA02425D87B00BDAD2B /* SubscriberType.swift */ = {isa = PBXFileReference; lastKnownFileType = sourcecode.swift; path = SubscriberType.swift; sourceTree = "<group>"; };
		CDA7285E24233E7200337824 /* RootTabBarController.swift */ = {isa = PBXFileReference; lastKnownFileType = sourcecode.swift; path = RootTabBarController.swift; sourceTree = "<group>"; };
		CDB5CFC5243C499900B6CBFA /* ArchivesModel.swift */ = {isa = PBXFileReference; lastKnownFileType = sourcecode.swift; path = ArchivesModel.swift; sourceTree = "<group>"; };
		CDB5CFC7243C49B800B6CBFA /* ComposeModel.swift */ = {isa = PBXFileReference; lastKnownFileType = sourcecode.swift; path = ComposeModel.swift; sourceTree = "<group>"; };
		CDB5CFC9243C49C800B6CBFA /* DraftsModel.swift */ = {isa = PBXFileReference; lastKnownFileType = sourcecode.swift; path = DraftsModel.swift; sourceTree = "<group>"; };
		CDB5CFCB243C49DA00B6CBFA /* SubscribersModel.swift */ = {isa = PBXFileReference; lastKnownFileType = sourcecode.swift; path = SubscribersModel.swift; sourceTree = "<group>"; };
		CDB5CFCD243D8FAC00B6CBFA /* APIClient.swift */ = {isa = PBXFileReference; lastKnownFileType = sourcecode.swift; path = APIClient.swift; sourceTree = "<group>"; };
		CDB5CFD1244023F400B6CBFA /* ColorLibrary.swift */ = {isa = PBXFileReference; lastKnownFileType = sourcecode.swift; path = ColorLibrary.swift; sourceTree = "<group>"; };
		CDB5CFD8244027BD00B6CBFA /* APIRequest.swift */ = {isa = PBXFileReference; lastKnownFileType = sourcecode.swift; path = APIRequest.swift; sourceTree = "<group>"; };
		CDB5CFDA2440282C00B6CBFA /* SubscriberListRequest.swift */ = {isa = PBXFileReference; lastKnownFileType = sourcecode.swift; path = SubscriberListRequest.swift; sourceTree = "<group>"; };
		CDB5CFE2244577D900B6CBFA /* SubscribersCell.swift */ = {isa = PBXFileReference; lastKnownFileType = sourcecode.swift; path = SubscribersCell.swift; sourceTree = "<group>"; };
		CDB693CA244ABF910019DCBA /* Draft.swift */ = {isa = PBXFileReference; lastKnownFileType = sourcecode.swift; path = Draft.swift; sourceTree = "<group>"; };
		CDB693CC244AC07C0019DCBA /* DraftListRequest.swift */ = {isa = PBXFileReference; lastKnownFileType = sourcecode.swift; path = DraftListRequest.swift; sourceTree = "<group>"; };
		CDF73196242094AE00596F24 /* buttonup.app */ = {isa = PBXFileReference; explicitFileType = wrapper.application; includeInIndex = 0; path = buttonup.app; sourceTree = BUILT_PRODUCTS_DIR; };
		CDF73199242094AE00596F24 /* AppDelegate.swift */ = {isa = PBXFileReference; lastKnownFileType = sourcecode.swift; path = AppDelegate.swift; sourceTree = "<group>"; };
		CDF7319B242094AE00596F24 /* SceneDelegate.swift */ = {isa = PBXFileReference; lastKnownFileType = sourcecode.swift; path = SceneDelegate.swift; sourceTree = "<group>"; };
		CDF731A5242094B000596F24 /* Assets.xcassets */ = {isa = PBXFileReference; lastKnownFileType = folder.assetcatalog; path = Assets.xcassets; sourceTree = "<group>"; };
		CDF731A8242094B000596F24 /* Base */ = {isa = PBXFileReference; lastKnownFileType = file.storyboard; name = Base; path = Base.lproj/LaunchScreen.storyboard; sourceTree = "<group>"; };
		CDF731AA242094B000596F24 /* Info.plist */ = {isa = PBXFileReference; lastKnownFileType = text.plist.xml; path = Info.plist; sourceTree = "<group>"; };
		CDF731AF242094B000596F24 /* buttonupTests.xctest */ = {isa = PBXFileReference; explicitFileType = wrapper.cfbundle; includeInIndex = 0; path = buttonupTests.xctest; sourceTree = BUILT_PRODUCTS_DIR; };
		CDF731B3242094B000596F24 /* ButtonupTests.swift */ = {isa = PBXFileReference; lastKnownFileType = sourcecode.swift; path = ButtonupTests.swift; sourceTree = "<group>"; };
		CDF731B5242094B000596F24 /* Info.plist */ = {isa = PBXFileReference; lastKnownFileType = text.plist.xml; path = Info.plist; sourceTree = "<group>"; };
		CDF731BA242094B000596F24 /* buttonupUITests.xctest */ = {isa = PBXFileReference; explicitFileType = wrapper.cfbundle; includeInIndex = 0; path = buttonupUITests.xctest; sourceTree = BUILT_PRODUCTS_DIR; };
		CDF731BE242094B000596F24 /* ButtonupUITests.swift */ = {isa = PBXFileReference; lastKnownFileType = sourcecode.swift; path = ButtonupUITests.swift; sourceTree = "<group>"; };
		CDF731C0242094B000596F24 /* Info.plist */ = {isa = PBXFileReference; lastKnownFileType = text.plist.xml; path = Info.plist; sourceTree = "<group>"; };
		CDF731CE2420966900596F24 /* SubscribersViewController.swift */ = {isa = PBXFileReference; lastKnownFileType = sourcecode.swift; path = SubscribersViewController.swift; sourceTree = "<group>"; };
		CDF731D02420968B00596F24 /* ArchivesViewController.swift */ = {isa = PBXFileReference; lastKnownFileType = sourcecode.swift; path = ArchivesViewController.swift; sourceTree = "<group>"; };
		CDF731D2242096A400596F24 /* DraftsViewController.swift */ = {isa = PBXFileReference; lastKnownFileType = sourcecode.swift; path = DraftsViewController.swift; sourceTree = "<group>"; };
		CDF731D4242096C500596F24 /* ComposeViewController.swift */ = {isa = PBXFileReference; lastKnownFileType = sourcecode.swift; path = ComposeViewController.swift; sourceTree = "<group>"; };
/* End PBXFileReference section */

/* Begin PBXFrameworksBuildPhase section */
		CDF73193242094AE00596F24 /* Frameworks */ = {
			isa = PBXFrameworksBuildPhase;
			buildActionMask = 2147483647;
			files = (
			);
			runOnlyForDeploymentPostprocessing = 0;
		};
		CDF731AC242094B000596F24 /* Frameworks */ = {
			isa = PBXFrameworksBuildPhase;
			buildActionMask = 2147483647;
			files = (
			);
			runOnlyForDeploymentPostprocessing = 0;
		};
		CDF731B7242094B000596F24 /* Frameworks */ = {
			isa = PBXFrameworksBuildPhase;
			buildActionMask = 2147483647;
			files = (
			);
			runOnlyForDeploymentPostprocessing = 0;
		};
/* End PBXFrameworksBuildPhase section */

/* Begin PBXGroup section */
		CDA3BA9A2425D73C00BDAD2B /* Data Models */ = {
			isa = PBXGroup;
			children = (
				CDA3BA9F2425D86F00BDAD2B /* Data Model Enums */,
				CDB693CA244ABF910019DCBA /* Draft.swift */,
				CDA3BA9B2425D74500BDAD2B /* Subscriber.swift */,
				CDA3BA9D2425D7D200BDAD2B /* Tag.swift */,
			);
			path = "Data Models";
			sourceTree = "<group>";
		};
		CDA3BA9F2425D86F00BDAD2B /* Data Model Enums */ = {
			isa = PBXGroup;
			children = (
				CDA3BAA02425D87B00BDAD2B /* SubscriberType.swift */,
			);
			path = "Data Model Enums";
			sourceTree = "<group>";
		};
		CDB5CFBD243AFD0100B6CBFA /* Features */ = {
			isa = PBXGroup;
			children = (
				CDB5CFC1243C490600B6CBFA /* Archives */,
				CDB5CFC2243C490E00B6CBFA /* Compose */,
				CDB5CFC3243C491B00B6CBFA /* Drafts */,
				CDB5CFC4243C492200B6CBFA /* Subscribers */,
			);
			path = Features;
			sourceTree = "<group>";
		};
		CDB5CFBE243C450D00B6CBFA /* Services */ = {
			isa = PBXGroup;
			children = (
				CDB5CFCD243D8FAC00B6CBFA /* APIClient.swift */,
				CDB5CFD1244023F400B6CBFA /* ColorLibrary.swift */,
			);
			path = Services;
			sourceTree = "<group>";
		};
		CDB5CFC1243C490600B6CBFA /* Archives */ = {
			isa = PBXGroup;
			children = (
				CDF731D02420968B00596F24 /* ArchivesViewController.swift */,
				CDB5CFC5243C499900B6CBFA /* ArchivesModel.swift */,
			);
			path = Archives;
			sourceTree = "<group>";
		};
		CDB5CFC2243C490E00B6CBFA /* Compose */ = {
			isa = PBXGroup;
			children = (
				CDF731D4242096C500596F24 /* ComposeViewController.swift */,
				CDB5CFC7243C49B800B6CBFA /* ComposeModel.swift */,
			);
			path = Compose;
			sourceTree = "<group>";
		};
		CDB5CFC3243C491B00B6CBFA /* Drafts */ = {
			isa = PBXGroup;
			children = (
				CDF731D2242096A400596F24 /* DraftsViewController.swift */,
				CDB5CFC9243C49C800B6CBFA /* DraftsModel.swift */,
				CD151E9A2479900700410ADD /* DraftsCell.swift */,
			);
			path = Drafts;
			sourceTree = "<group>";
		};
		CDB5CFC4243C492200B6CBFA /* Subscribers */ = {
			isa = PBXGroup;
			children = (
				CDF731CE2420966900596F24 /* SubscribersViewController.swift */,
				CDB5CFCB243C49DA00B6CBFA /* SubscribersModel.swift */,
				CDB5CFE2244577D900B6CBFA /* SubscribersCell.swift */,
			);
			path = Subscribers;
			sourceTree = "<group>";
		};
		CDB5CFD32440274800B6CBFA /* Requests */ = {
			isa = PBXGroup;
			children = (
				CDB5CFD8244027BD00B6CBFA /* APIRequest.swift */,
				CDB5CFDA2440282C00B6CBFA /* SubscriberListRequest.swift */,
				CDB693CC244AC07C0019DCBA /* DraftListRequest.swift */,
			);
			path = Requests;
			sourceTree = "<group>";
		};
		CDF7318D242094AE00596F24 = {
			isa = PBXGroup;
			children = (
				CDF73198242094AE00596F24 /* buttonup */,
				CDF731B2242094B000596F24 /* buttonupTests */,
				CDF731BD242094B000596F24 /* buttonupUITests */,
				CDF73197242094AE00596F24 /* Products */,
			);
			sourceTree = "<group>";
		};
		CDF73197242094AE00596F24 /* Products */ = {
			isa = PBXGroup;
			children = (
				CDF73196242094AE00596F24 /* buttonup.app */,
				CDF731AF242094B000596F24 /* buttonupTests.xctest */,
				CDF731BA242094B000596F24 /* buttonupUITests.xctest */,
			);
			name = Products;
			sourceTree = "<group>";
		};
		CDF73198242094AE00596F24 /* buttonup */ = {
			isa = PBXGroup;
			children = (
				CDF731A5242094B000596F24 /* Assets.xcassets */,
				CDA3BA982425D24100BDAD2B /* Colors.xcassets */,
				CDB5CFBD243AFD0100B6CBFA /* Features */,
				CDA3BA9A2425D73C00BDAD2B /* Data Models */,
				CDB5CFD32440274800B6CBFA /* Requests */,
				CDB5CFBE243C450D00B6CBFA /* Services */,
				CDF73199242094AE00596F24 /* AppDelegate.swift */,
				CDA7285E24233E7200337824 /* RootTabBarController.swift */,
				CDF7319B242094AE00596F24 /* SceneDelegate.swift */,
				CDF731A7242094B000596F24 /* LaunchScreen.storyboard */,
				CDF731AA242094B000596F24 /* Info.plist */,
			);
			path = buttonup;
			sourceTree = "<group>";
		};
		CDF731B2242094B000596F24 /* buttonupTests */ = {
			isa = PBXGroup;
			children = (
				CDF731B3242094B000596F24 /* ButtonupTests.swift */,
				CDF731B5242094B000596F24 /* Info.plist */,
			);
			path = buttonupTests;
			sourceTree = "<group>";
		};
		CDF731BD242094B000596F24 /* buttonupUITests */ = {
			isa = PBXGroup;
			children = (
				CDF731BE242094B000596F24 /* ButtonupUITests.swift */,
				CDF731C0242094B000596F24 /* Info.plist */,
			);
			path = buttonupUITests;
			sourceTree = "<group>";
		};
/* End PBXGroup section */

/* Begin PBXNativeTarget section */
		CDF73195242094AE00596F24 /* buttonup */ = {
			isa = PBXNativeTarget;
			buildConfigurationList = CDF731C3242094B000596F24 /* Build configuration list for PBXNativeTarget "buttonup" */;
			buildPhases = (
				CDF73192242094AE00596F24 /* Sources */,
				CDF73193242094AE00596F24 /* Frameworks */,
				CDF73194242094AE00596F24 /* Resources */,
			);
			buildRules = (
			);
			dependencies = (
			);
			name = buttonup;
			productName = buttonup;
			productReference = CDF73196242094AE00596F24 /* buttonup.app */;
			productType = "com.apple.product-type.application";
		};
		CDF731AE242094B000596F24 /* buttonupTests */ = {
			isa = PBXNativeTarget;
			buildConfigurationList = CDF731C6242094B000596F24 /* Build configuration list for PBXNativeTarget "buttonupTests" */;
			buildPhases = (
				CDF731AB242094B000596F24 /* Sources */,
				CDF731AC242094B000596F24 /* Frameworks */,
				CDF731AD242094B000596F24 /* Resources */,
			);
			buildRules = (
			);
			dependencies = (
				CDF731B1242094B000596F24 /* PBXTargetDependency */,
			);
			name = buttonupTests;
			productName = buttonupTests;
			productReference = CDF731AF242094B000596F24 /* buttonupTests.xctest */;
			productType = "com.apple.product-type.bundle.unit-test";
		};
		CDF731B9242094B000596F24 /* buttonupUITests */ = {
			isa = PBXNativeTarget;
			buildConfigurationList = CDF731C9242094B000596F24 /* Build configuration list for PBXNativeTarget "buttonupUITests" */;
			buildPhases = (
				CDF731B6242094B000596F24 /* Sources */,
				CDF731B7242094B000596F24 /* Frameworks */,
				CDF731B8242094B000596F24 /* Resources */,
			);
			buildRules = (
			);
			dependencies = (
				CDF731BC242094B000596F24 /* PBXTargetDependency */,
			);
			name = buttonupUITests;
			productName = buttonupUITests;
			productReference = CDF731BA242094B000596F24 /* buttonupUITests.xctest */;
			productType = "com.apple.product-type.bundle.ui-testing";
		};
/* End PBXNativeTarget section */

/* Begin PBXProject section */
		CDF7318E242094AE00596F24 /* Project object */ = {
			isa = PBXProject;
			attributes = {
				LastSwiftUpdateCheck = 1130;
				LastUpgradeCheck = 1130;
				ORGANIZATIONNAME = "Russell Blickhan";
				TargetAttributes = {
					CDF73195242094AE00596F24 = {
						CreatedOnToolsVersion = 11.3.1;
					};
					CDF731AE242094B000596F24 = {
						CreatedOnToolsVersion = 11.3.1;
						TestTargetID = CDF73195242094AE00596F24;
					};
					CDF731B9242094B000596F24 = {
						CreatedOnToolsVersion = 11.3.1;
						TestTargetID = CDF73195242094AE00596F24;
					};
				};
			};
			buildConfigurationList = CDF73191242094AE00596F24 /* Build configuration list for PBXProject "buttonup" */;
			compatibilityVersion = "Xcode 9.3";
			developmentRegion = en;
			hasScannedForEncodings = 0;
			knownRegions = (
				en,
				Base,
			);
			mainGroup = CDF7318D242094AE00596F24;
			productRefGroup = CDF73197242094AE00596F24 /* Products */;
			projectDirPath = "";
			projectRoot = "";
			targets = (
				CDF73195242094AE00596F24 /* buttonup */,
				CDF731AE242094B000596F24 /* buttonupTests */,
				CDF731B9242094B000596F24 /* buttonupUITests */,
			);
		};
/* End PBXProject section */

/* Begin PBXResourcesBuildPhase section */
		CDF73194242094AE00596F24 /* Resources */ = {
			isa = PBXResourcesBuildPhase;
			buildActionMask = 2147483647;
			files = (
				CDA3BA992425D24100BDAD2B /* Colors.xcassets in Resources */,
				CDF731A9242094B000596F24 /* LaunchScreen.storyboard in Resources */,
				CDF731A6242094B000596F24 /* Assets.xcassets in Resources */,
			);
			runOnlyForDeploymentPostprocessing = 0;
		};
		CDF731AD242094B000596F24 /* Resources */ = {
			isa = PBXResourcesBuildPhase;
			buildActionMask = 2147483647;
			files = (
			);
			runOnlyForDeploymentPostprocessing = 0;
		};
		CDF731B8242094B000596F24 /* Resources */ = {
			isa = PBXResourcesBuildPhase;
			buildActionMask = 2147483647;
			files = (
			);
			runOnlyForDeploymentPostprocessing = 0;
		};
/* End PBXResourcesBuildPhase section */

/* Begin PBXSourcesBuildPhase section */
		CDF73192242094AE00596F24 /* Sources */ = {
			isa = PBXSourcesBuildPhase;
			buildActionMask = 2147483647;
			files = (
				CDB5CFCA243C49C800B6CBFA /* DraftsModel.swift in Sources */,
				CDB5CFD9244027BD00B6CBFA /* APIRequest.swift in Sources */,
				CDB5CFCE243D8FAC00B6CBFA /* APIClient.swift in Sources */,
				CDF7319A242094AE00596F24 /* AppDelegate.swift in Sources */,
				CDA7285F24233E7200337824 /* RootTabBarController.swift in Sources */,
				CDA3BA9E2425D7D200BDAD2B /* Tag.swift in Sources */,
				CDB5CFD2244023F400B6CBFA /* ColorLibrary.swift in Sources */,
				CDB5CFDB2440282C00B6CBFA /* SubscriberListRequest.swift in Sources */,
				CDB693CD244AC07C0019DCBA /* DraftListRequest.swift in Sources */,
				CD151E9B2479900700410ADD /* DraftsCell.swift in Sources */,
				CDF731CF2420966900596F24 /* SubscribersViewController.swift in Sources */,
				CDF731D5242096C500596F24 /* ComposeViewController.swift in Sources */,
				CDF731D3242096A400596F24 /* DraftsViewController.swift in Sources */,
				CDB5CFE3244577D900B6CBFA /* SubscribersCell.swift in Sources */,
				CDF731D12420968B00596F24 /* ArchivesViewController.swift in Sources */,
				CDB5CFC6243C499900B6CBFA /* ArchivesModel.swift in Sources */,
				CDB5CFCC243C49DA00B6CBFA /* SubscribersModel.swift in Sources */,
				CDB693CB244ABF910019DCBA /* Draft.swift in Sources */,
				CDB5CFC8243C49B800B6CBFA /* ComposeModel.swift in Sources */,
				CDA3BA9C2425D74500BDAD2B /* Subscriber.swift in Sources */,
				CDA3BAA12425D87B00BDAD2B /* SubscriberType.swift in Sources */,
				CDF7319C242094AE00596F24 /* SceneDelegate.swift in Sources */,
			);
			runOnlyForDeploymentPostprocessing = 0;
		};
		CDF731AB242094B000596F24 /* Sources */ = {
			isa = PBXSourcesBuildPhase;
			buildActionMask = 2147483647;
			files = (
				CDF731B4242094B000596F24 /* ButtonupTests.swift in Sources */,
			);
			runOnlyForDeploymentPostprocessing = 0;
		};
		CDF731B6242094B000596F24 /* Sources */ = {
			isa = PBXSourcesBuildPhase;
			buildActionMask = 2147483647;
			files = (
				CDF731BF242094B000596F24 /* ButtonupUITests.swift in Sources */,
			);
			runOnlyForDeploymentPostprocessing = 0;
		};
/* End PBXSourcesBuildPhase section */

/* Begin PBXTargetDependency section */
		CDF731B1242094B000596F24 /* PBXTargetDependency */ = {
			isa = PBXTargetDependency;
			target = CDF73195242094AE00596F24 /* buttonup */;
			targetProxy = CDF731B0242094B000596F24 /* PBXContainerItemProxy */;
		};
		CDF731BC242094B000596F24 /* PBXTargetDependency */ = {
			isa = PBXTargetDependency;
			target = CDF73195242094AE00596F24 /* buttonup */;
			targetProxy = CDF731BB242094B000596F24 /* PBXContainerItemProxy */;
		};
/* End PBXTargetDependency section */

/* Begin PBXVariantGroup section */
		CDF731A7242094B000596F24 /* LaunchScreen.storyboard */ = {
			isa = PBXVariantGroup;
			children = (
				CDF731A8242094B000596F24 /* Base */,
			);
			name = LaunchScreen.storyboard;
			sourceTree = "<group>";
		};
/* End PBXVariantGroup section */

/* Begin XCBuildConfiguration section */
		CDF731C1242094B000596F24 /* Debug */ = {
			isa = XCBuildConfiguration;
			buildSettings = {
				ALWAYS_SEARCH_USER_PATHS = NO;
				CLANG_ANALYZER_NONNULL = YES;
				CLANG_ANALYZER_NUMBER_OBJECT_CONVERSION = YES_AGGRESSIVE;
				CLANG_CXX_LANGUAGE_STANDARD = "gnu++14";
				CLANG_CXX_LIBRARY = "libc++";
				CLANG_ENABLE_MODULES = YES;
				CLANG_ENABLE_OBJC_ARC = YES;
				CLANG_ENABLE_OBJC_WEAK = YES;
				CLANG_WARN_BLOCK_CAPTURE_AUTORELEASING = YES;
				CLANG_WARN_BOOL_CONVERSION = YES;
				CLANG_WARN_COMMA = YES;
				CLANG_WARN_CONSTANT_CONVERSION = YES;
				CLANG_WARN_DEPRECATED_OBJC_IMPLEMENTATIONS = YES;
				CLANG_WARN_DIRECT_OBJC_ISA_USAGE = YES_ERROR;
				CLANG_WARN_DOCUMENTATION_COMMENTS = YES;
				CLANG_WARN_EMPTY_BODY = YES;
				CLANG_WARN_ENUM_CONVERSION = YES;
				CLANG_WARN_INFINITE_RECURSION = YES;
				CLANG_WARN_INT_CONVERSION = YES;
				CLANG_WARN_NON_LITERAL_NULL_CONVERSION = YES;
				CLANG_WARN_OBJC_IMPLICIT_RETAIN_SELF = YES;
				CLANG_WARN_OBJC_LITERAL_CONVERSION = YES;
				CLANG_WARN_OBJC_ROOT_CLASS = YES_ERROR;
				CLANG_WARN_RANGE_LOOP_ANALYSIS = YES;
				CLANG_WARN_STRICT_PROTOTYPES = YES;
				CLANG_WARN_SUSPICIOUS_MOVE = YES;
				CLANG_WARN_UNGUARDED_AVAILABILITY = YES_AGGRESSIVE;
				CLANG_WARN_UNREACHABLE_CODE = YES;
				CLANG_WARN__DUPLICATE_METHOD_MATCH = YES;
				COPY_PHASE_STRIP = NO;
				DEBUG_INFORMATION_FORMAT = dwarf;
				ENABLE_STRICT_OBJC_MSGSEND = YES;
				ENABLE_TESTABILITY = YES;
				GCC_C_LANGUAGE_STANDARD = gnu11;
				GCC_DYNAMIC_NO_PIC = NO;
				GCC_NO_COMMON_BLOCKS = YES;
				GCC_OPTIMIZATION_LEVEL = 0;
				GCC_PREPROCESSOR_DEFINITIONS = (
					"DEBUG=1",
					"$(inherited)",
				);
				GCC_WARN_64_TO_32_BIT_CONVERSION = YES;
				GCC_WARN_ABOUT_RETURN_TYPE = YES_ERROR;
				GCC_WARN_UNDECLARED_SELECTOR = YES;
				GCC_WARN_UNINITIALIZED_AUTOS = YES_AGGRESSIVE;
				GCC_WARN_UNUSED_FUNCTION = YES;
				GCC_WARN_UNUSED_VARIABLE = YES;
				IPHONEOS_DEPLOYMENT_TARGET = 13.2;
				MTL_ENABLE_DEBUG_INFO = INCLUDE_SOURCE;
				MTL_FAST_MATH = YES;
				ONLY_ACTIVE_ARCH = YES;
				SDKROOT = iphoneos;
				SWIFT_ACTIVE_COMPILATION_CONDITIONS = DEBUG;
				SWIFT_OPTIMIZATION_LEVEL = "-Onone";
			};
			name = Debug;
		};
		CDF731C2242094B000596F24 /* Release */ = {
			isa = XCBuildConfiguration;
			buildSettings = {
				ALWAYS_SEARCH_USER_PATHS = NO;
				CLANG_ANALYZER_NONNULL = YES;
				CLANG_ANALYZER_NUMBER_OBJECT_CONVERSION = YES_AGGRESSIVE;
				CLANG_CXX_LANGUAGE_STANDARD = "gnu++14";
				CLANG_CXX_LIBRARY = "libc++";
				CLANG_ENABLE_MODULES = YES;
				CLANG_ENABLE_OBJC_ARC = YES;
				CLANG_ENABLE_OBJC_WEAK = YES;
				CLANG_WARN_BLOCK_CAPTURE_AUTORELEASING = YES;
				CLANG_WARN_BOOL_CONVERSION = YES;
				CLANG_WARN_COMMA = YES;
				CLANG_WARN_CONSTANT_CONVERSION = YES;
				CLANG_WARN_DEPRECATED_OBJC_IMPLEMENTATIONS = YES;
				CLANG_WARN_DIRECT_OBJC_ISA_USAGE = YES_ERROR;
				CLANG_WARN_DOCUMENTATION_COMMENTS = YES;
				CLANG_WARN_EMPTY_BODY = YES;
				CLANG_WARN_ENUM_CONVERSION = YES;
				CLANG_WARN_INFINITE_RECURSION = YES;
				CLANG_WARN_INT_CONVERSION = YES;
				CLANG_WARN_NON_LITERAL_NULL_CONVERSION = YES;
				CLANG_WARN_OBJC_IMPLICIT_RETAIN_SELF = YES;
				CLANG_WARN_OBJC_LITERAL_CONVERSION = YES;
				CLANG_WARN_OBJC_ROOT_CLASS = YES_ERROR;
				CLANG_WARN_RANGE_LOOP_ANALYSIS = YES;
				CLANG_WARN_STRICT_PROTOTYPES = YES;
				CLANG_WARN_SUSPICIOUS_MOVE = YES;
				CLANG_WARN_UNGUARDED_AVAILABILITY = YES_AGGRESSIVE;
				CLANG_WARN_UNREACHABLE_CODE = YES;
				CLANG_WARN__DUPLICATE_METHOD_MATCH = YES;
				COPY_PHASE_STRIP = NO;
				DEBUG_INFORMATION_FORMAT = "dwarf-with-dsym";
				ENABLE_NS_ASSERTIONS = NO;
				ENABLE_STRICT_OBJC_MSGSEND = YES;
				GCC_C_LANGUAGE_STANDARD = gnu11;
				GCC_NO_COMMON_BLOCKS = YES;
				GCC_WARN_64_TO_32_BIT_CONVERSION = YES;
				GCC_WARN_ABOUT_RETURN_TYPE = YES_ERROR;
				GCC_WARN_UNDECLARED_SELECTOR = YES;
				GCC_WARN_UNINITIALIZED_AUTOS = YES_AGGRESSIVE;
				GCC_WARN_UNUSED_FUNCTION = YES;
				GCC_WARN_UNUSED_VARIABLE = YES;
				IPHONEOS_DEPLOYMENT_TARGET = 13.2;
				MTL_ENABLE_DEBUG_INFO = NO;
				MTL_FAST_MATH = YES;
				SDKROOT = iphoneos;
				SWIFT_COMPILATION_MODE = wholemodule;
				SWIFT_OPTIMIZATION_LEVEL = "-O";
				VALIDATE_PRODUCT = YES;
			};
			name = Release;
		};
		CDF731C4242094B000596F24 /* Debug */ = {
			isa = XCBuildConfiguration;
			buildSettings = {
				ASSETCATALOG_COMPILER_APPICON_NAME = AppIcon;
				CODE_SIGN_STYLE = Automatic;
				DEVELOPMENT_TEAM = C436KHVHT4;
				INFOPLIST_FILE = buttonup/Info.plist;
				LD_RUNPATH_SEARCH_PATHS = (
					"$(inherited)",
					"@executable_path/Frameworks",
				);
				PRODUCT_BUNDLE_IDENTIFIER = org.rwblickhan.buttonup;
				PRODUCT_NAME = "$(TARGET_NAME)";
				SWIFT_VERSION = 5.0;
				TARGETED_DEVICE_FAMILY = "1,2";
			};
			name = Debug;
		};
		CDF731C5242094B000596F24 /* Release */ = {
			isa = XCBuildConfiguration;
			buildSettings = {
				ASSETCATALOG_COMPILER_APPICON_NAME = AppIcon;
				CODE_SIGN_STYLE = Automatic;
				DEVELOPMENT_TEAM = C436KHVHT4;
				INFOPLIST_FILE = buttonup/Info.plist;
				LD_RUNPATH_SEARCH_PATHS = (
					"$(inherited)",
					"@executable_path/Frameworks",
				);
				PRODUCT_BUNDLE_IDENTIFIER = org.rwblickhan.buttonup;
				PRODUCT_NAME = "$(TARGET_NAME)";
				SWIFT_VERSION = 5.0;
				TARGETED_DEVICE_FAMILY = "1,2";
			};
			name = Release;
		};
		CDF731C7242094B000596F24 /* Debug */ = {
			isa = XCBuildConfiguration;
			buildSettings = {
				ALWAYS_EMBED_SWIFT_STANDARD_LIBRARIES = YES;
				BUNDLE_LOADER = "$(TEST_HOST)";
				CODE_SIGN_STYLE = Automatic;
				DEVELOPMENT_TEAM = C436KHVHT4;
				INFOPLIST_FILE = buttonupTests/Info.plist;
				IPHONEOS_DEPLOYMENT_TARGET = 13.2;
				LD_RUNPATH_SEARCH_PATHS = (
					"$(inherited)",
					"@executable_path/Frameworks",
					"@loader_path/Frameworks",
				);
				PRODUCT_BUNDLE_IDENTIFIER = org.rwblickhan.buttonupTests;
				PRODUCT_NAME = "$(TARGET_NAME)";
				SWIFT_VERSION = 5.0;
				TARGETED_DEVICE_FAMILY = "1,2";
				TEST_HOST = "$(BUILT_PRODUCTS_DIR)/buttonup.app/buttonup";
			};
			name = Debug;
		};
		CDF731C8242094B000596F24 /* Release */ = {
			isa = XCBuildConfiguration;
			buildSettings = {
				ALWAYS_EMBED_SWIFT_STANDARD_LIBRARIES = YES;
				BUNDLE_LOADER = "$(TEST_HOST)";
				CODE_SIGN_STYLE = Automatic;
				DEVELOPMENT_TEAM = C436KHVHT4;
				INFOPLIST_FILE = buttonupTests/Info.plist;
				IPHONEOS_DEPLOYMENT_TARGET = 13.2;
				LD_RUNPATH_SEARCH_PATHS = (
					"$(inherited)",
					"@executable_path/Frameworks",
					"@loader_path/Frameworks",
				);
				PRODUCT_BUNDLE_IDENTIFIER = org.rwblickhan.buttonupTests;
				PRODUCT_NAME = "$(TARGET_NAME)";
				SWIFT_VERSION = 5.0;
				TARGETED_DEVICE_FAMILY = "1,2";
				TEST_HOST = "$(BUILT_PRODUCTS_DIR)/buttonup.app/buttonup";
			};
			name = Release;
		};
		CDF731CA242094B000596F24 /* Debug */ = {
			isa = XCBuildConfiguration;
			buildSettings = {
				ALWAYS_EMBED_SWIFT_STANDARD_LIBRARIES = YES;
				CODE_SIGN_STYLE = Automatic;
				DEVELOPMENT_TEAM = C436KHVHT4;
				INFOPLIST_FILE = buttonupUITests/Info.plist;
				LD_RUNPATH_SEARCH_PATHS = (
					"$(inherited)",
					"@executable_path/Frameworks",
					"@loader_path/Frameworks",
				);
				PRODUCT_BUNDLE_IDENTIFIER = org.rwblickhan.buttonupUITests;
				PRODUCT_NAME = "$(TARGET_NAME)";
				SWIFT_VERSION = 5.0;
				TARGETED_DEVICE_FAMILY = "1,2";
				TEST_TARGET_NAME = buttonup;
			};
			name = Debug;
		};
		CDF731CB242094B000596F24 /* Release */ = {
			isa = XCBuildConfiguration;
			buildSettings = {
				ALWAYS_EMBED_SWIFT_STANDARD_LIBRARIES = YES;
				CODE_SIGN_STYLE = Automatic;
				DEVELOPMENT_TEAM = C436KHVHT4;
				INFOPLIST_FILE = buttonupUITests/Info.plist;
				LD_RUNPATH_SEARCH_PATHS = (
					"$(inherited)",
					"@executable_path/Frameworks",
					"@loader_path/Frameworks",
				);
				PRODUCT_BUNDLE_IDENTIFIER = org.rwblickhan.buttonupUITests;
				PRODUCT_NAME = "$(TARGET_NAME)";
				SWIFT_VERSION = 5.0;
				TARGETED_DEVICE_FAMILY = "1,2";
				TEST_TARGET_NAME = buttonup;
			};
			name = Release;
		};
/* End XCBuildConfiguration section */

/* Begin XCConfigurationList section */
		CDF73191242094AE00596F24 /* Build configuration list for PBXProject "buttonup" */ = {
			isa = XCConfigurationList;
			buildConfigurations = (
				CDF731C1242094B000596F24 /* Debug */,
				CDF731C2242094B000596F24 /* Release */,
			);
			defaultConfigurationIsVisible = 0;
			defaultConfigurationName = Release;
		};
		CDF731C3242094B000596F24 /* Build configuration list for PBXNativeTarget "buttonup" */ = {
			isa = XCConfigurationList;
			buildConfigurations = (
				CDF731C4242094B000596F24 /* Debug */,
				CDF731C5242094B000596F24 /* Release */,
			);
			defaultConfigurationIsVisible = 0;
			defaultConfigurationName = Release;
		};
		CDF731C6242094B000596F24 /* Build configuration list for PBXNativeTarget "buttonupTests" */ = {
			isa = XCConfigurationList;
			buildConfigurations = (
				CDF731C7242094B000596F24 /* Debug */,
				CDF731C8242094B000596F24 /* Release */,
			);
			defaultConfigurationIsVisible = 0;
			defaultConfigurationName = Release;
		};
		CDF731C9242094B000596F24 /* Build configuration list for PBXNativeTarget "buttonupUITests" */ = {
			isa = XCConfigurationList;
			buildConfigurations = (
				CDF731CA242094B000596F24 /* Debug */,
				CDF731CB242094B000596F24 /* Release */,
			);
			defaultConfigurationIsVisible = 0;
			defaultConfigurationName = Release;
		};
/* End XCConfigurationList section */
	};
	rootObject = CDF7318E242094AE00596F24 /* Project object */;
}
